{
  "name": "Staybng",
  "lockfileVersion": 2,
  "requires": true,
  "packages": {
    "": {
      "dependencies": {
        "epxress": "^0.0.1-security"
      }
    },
    "node_modules/epxress": {
      "version": "0.0.1-security",
      "resolved": "https://registry.npmjs.org/epxress/-/epxress-0.0.1-security.tgz",
      "integrity": "sha512-3Uxqdqt9xUpPvEGJjhyNGbTtjeYRsSCy74gsYxMqeIUQnRk/6/YFgvjfQtdPeFgRXEnJ8zI6gaskfFLOOG/ELg=="
    }
  },
  "dependencies": {
    "epxress": {
      "version": "0.0.1-security",
      "resolved": "https://registry.npmjs.org/epxress/-/epxress-0.0.1-security.tgz",
      "integrity": "sha512-3Uxqdqt9xUpPvEGJjhyNGbTtjeYRsSCy74gsYxMqeIUQnRk/6/YFgvjfQtdPeFgRXEnJ8zI6gaskfFLOOG/ELg=="
    }
  }
}
